
Microsoft Visual Studio Solution File, Format Version 12.00
# Visual Studio Version 17
VisualStudioVersion = 17.14.36414.22
MinimumVisualStudioVersion = 10.0.40219.1
Project("{8BC9CEB8-8B4A-11D0-8D11-00A0C91BC942}") = "Project1", "Project1\Project1.vcxproj", "{AD48AD24-F176-40D0-B690-924347110CDD}"
EndProject
Project("{2150E333-8FDC-42A3-9474-1A3956D46DE8}") = "BackJoon", "BackJoon", "{C8D5274F-AC00-46C7-1F8D-E88E81087A52}"
EndProject
Project("{2150E333-8FDC-42A3-9474-1A3956D46DE8}") = "Programmers", "Programmers", "{62500F49-EE64-4C47-A8DD-61CFAC5503E0}"
EndProject
Project("{8BC9CEB8-8B4A-11D0-8D11-00A0C91BC942}") = "Project2", "Project2\Project2.vcxproj", "{726E81C9-2CD5-40AC-83E3-3BB06239D175}"
EndProject
Global
	GlobalSection(SolutionConfigurationPlatforms) = preSolution
		Debug|x64 = Debug|x64
		Debug|x86 = Debug|x86
		Release|x64 = Release|x64
		Release|x86 = Release|x86
	EndGlobalSection
	GlobalSection(ProjectConfigurationPlatforms) = postSolution
		{AD48AD24-F176-40D0-B690-924347110CDD}.Debug|x64.ActiveCfg = Debug|x64
		{AD48AD24-F176-40D0-B690-924347110CDD}.Debug|x64.Build.0 = Debug|x64
		{AD48AD24-F176-40D0-B690-924347110CDD}.Debug|x86.ActiveCfg = Debug|Win32
		{AD48AD24-F176-40D0-B690-924347110CDD}.Debug|x86.Build.0 = Debug|Win32
		{AD48AD24-F176-40D0-B690-924347110CDD}.Release|x64.ActiveCfg = Release|x64
		{AD48AD24-F176-40D0-B690-924347110CDD}.Release|x64.Build.0 = Release|x64
		{AD48AD24-F176-40D0-B690-924347110CDD}.Release|x86.ActiveCfg = Release|Win32
		{AD48AD24-F176-40D0-B690-924347110CDD}.Release|x86.Build.0 = Release|Win32
		{726E81C9-2CD5-40AC-83E3-3BB06239D175}.Debug|x64.ActiveCfg = Debug|x64
		{726E81C9-2CD5-40AC-83E3-3BB06239D175}.Debug|x64.Build.0 = Debug|x64
		{726E81C9-2CD5-40AC-83E3-3BB06239D175}.Debug|x86.ActiveCfg = Debug|Win32
		{726E81C9-2CD5-40AC-83E3-3BB06239D175}.Debug|x86.Build.0 = Debug|Win32
		{726E81C9-2CD5-40AC-83E3-3BB06239D175}.Release|x64.ActiveCfg = Release|x64
		{726E81C9-2CD5-40AC-83E3-3BB06239D175}.Release|x64.Build.0 = Release|x64
		{726E81C9-2CD5-40AC-83E3-3BB06239D175}.Release|x86.ActiveCfg = Release|Win32
		{726E81C9-2CD5-40AC-83E3-3BB06239D175}.Release|x86.Build.0 = Release|Win32
	EndGlobalSection
	GlobalSection(SolutionProperties) = preSolution
		HideSolutionNode = FALSE
	EndGlobalSection
	GlobalSection(NestedProjects) = preSolution
		{AD48AD24-F176-40D0-B690-924347110CDD} = {C8D5274F-AC00-46C7-1F8D-E88E81087A52}
		{726E81C9-2CD5-40AC-83E3-3BB06239D175} = {62500F49-EE64-4C47-A8DD-61CFAC5503E0}
	EndGlobalSection
	GlobalSection(ExtensibilityGlobals) = postSolution
		SolutionGuid = {8BF1F143-8EBC-40D4-9B7B-416BA5AC640B}
	EndGlobalSection
EndGlobal
